
Microsoft Visual Studio Solution File, Format Version 12.00
# Visual Studio 15
VisualStudioVersion = 15.0.28010.2003
MinimumVisualStudioVersion = 10.0.40219.1
Project("{FAE04EC0-301F-11D3-BF4B-00C04F79EFBC}") = "thinojosa_inclass02", "thinojosa_inclass02\thinojosa_inclass02.csproj", "{C19B069A-1BF2-4D7C-B441-F166682E9EFC}"
EndProject
Global
	GlobalSection(SolutionConfigurationPlatforms) = preSolution
		Debug|Any CPU = Debug|Any CPU
		Release|Any CPU = Release|Any CPU
	EndGlobalSection
	GlobalSection(ProjectConfigurationPlatforms) = postSolution
		{C19B069A-1BF2-4D7C-B441-F166682E9EFC}.Debug|Any CPU.ActiveCfg = Debug|Any CPU
		{C19B069A-1BF2-4D7C-B441-F166682E9EFC}.Debug|Any CPU.Build.0 = Debug|Any CPU
		{C19B069A-1BF2-4D7C-B441-F166682E9EFC}.Release|Any CPU.ActiveCfg = Release|Any CPU
		{C19B069A-1BF2-4D7C-B441-F166682E9EFC}.Release|Any CPU.Build.0 = Release|Any CPU
	EndGlobalSection
	GlobalSection(SolutionProperties) = preSolution
		HideSolutionNode = FALSE
	EndGlobalSection
	GlobalSection(ExtensibilityGlobals) = postSolution
		SolutionGuid = {904273B1-55D1-49D3-A578-AF86DF282626}
	EndGlobalSection
EndGlobal
